// !$*UTF8*$!
{
	archiveVersion = 1;
	classes = {
	};
	objectVersion = 46;
	objects = {

/* Begin PBXBuildFile section */
		2C2AF5F91B25478B0023CC8F /* AppDelegate.m in Sources */ = {isa = PBXBuildFile; fileRef = 2C2AF5F81B25478B0023CC8F /* AppDelegate.m */; };
		2C2AF5FB1B25478B0023CC8F /* main.m in Sources */ = {isa = PBXBuildFile; fileRef = 2C2AF5FA1B25478B0023CC8F /* main.m */; };
		2C2AF5FE1B25478B0023CC8F /* ViewController.m in Sources */ = {isa = PBXBuildFile; fileRef = 2C2AF5FD1B25478B0023CC8F /* ViewController.m */; };
		2C2AF6001B25478B0023CC8F /* Images.xcassets in Resources */ = {isa = PBXBuildFile; fileRef = 2C2AF5FF1B25478B0023CC8F /* Images.xcassets */; };
		2C2AF6031B25478B0023CC8F /* Main.storyboard in Resources */ = {isa = PBXBuildFile; fileRef = 2C2AF6011B25478B0023CC8F /* Main.storyboard */; };
		2C2AF60F1B25478B0023CC8F /* ModelFactoryTests.m in Sources */ = {isa = PBXBuildFile; fileRef = 2C2AF60E1B25478B0023CC8F /* ModelFactoryTests.m */; };
/* End PBXBuildFile section */

/* Begin PBXContainerItemProxy section */
		2C2AF6091B25478B0023CC8F /* PBXContainerItemProxy */ = {
			isa = PBXContainerItemProxy;
			containerPortal = 2C2AF5EA1B25478B0023CC8F /* Project object */;
			proxyType = 1;
			remoteGlobalIDString = 2C2AF5F11B25478B0023CC8F;
			remoteInfo = ModelFactory;
		};
/* End PBXContainerItemProxy section */

/* Begin PBXFileReference section */
		2C2AF5F21B25478B0023CC8F /* ModelFactory.app */ = {isa = PBXFileReference; explicitFileType = wrapper.application; includeInIndex = 0; path = ModelFactory.app; sourceTree = BUILT_PRODUCTS_DIR; };
		2C2AF5F61B25478B0023CC8F /* Info.plist */ = {isa = PBXFileReference; lastKnownFileType = text.plist.xml; path = Info.plist; sourceTree = "<group>"; };
		2C2AF5F71B25478B0023CC8F /* AppDelegate.h */ = {isa = PBXFileReference; lastKnownFileType = sourcecode.c.h; path = AppDelegate.h; sourceTree = "<group>"; };
		2C2AF5F81B25478B0023CC8F /* AppDelegate.m */ = {isa = PBXFileReference; lastKnownFileType = sourcecode.c.objc; path = AppDelegate.m; sourceTree = "<group>"; };
		2C2AF5FA1B25478B0023CC8F /* main.m */ = {isa = PBXFileReference; lastKnownFileType = sourcecode.c.objc; path = main.m; sourceTree = "<group>"; };
		2C2AF5FC1B25478B0023CC8F /* ViewController.h */ = {isa = PBXFileReference; lastKnownFileType = sourcecode.c.h; path = ViewController.h; sourceTree = "<group>"; };
		2C2AF5FD1B25478B0023CC8F /* ViewController.m */ = {isa = PBXFileReference; lastKnownFileType = sourcecode.c.objc; path = ViewController.m; sourceTree = "<group>"; };
		2C2AF5FF1B25478B0023CC8F /* Images.xcassets */ = {isa = PBXFileReference; lastKnownFileType = folder.assetcatalog; path = Images.xcassets; sourceTree = "<group>"; };
		2C2AF6021B25478B0023CC8F /* Base */ = {isa = PBXFileReference; lastKnownFileType = file.storyboard; name = Base; path = Base.lproj/Main.storyboard; sourceTree = "<group>"; };
		2C2AF6081B25478B0023CC8F /* ModelFactoryTests.xctest */ = {isa = PBXFileReference; explicitFileType = wrapper.cfbundle; includeInIndex = 0; path = ModelFactoryTests.xctest; sourceTree = BUILT_PRODUCTS_DIR; };
		2C2AF60D1B25478B0023CC8F /* Info.plist */ = {isa = PBXFileReference; lastKnownFileType = text.plist.xml; path = Info.plist; sourceTree = "<group>"; };
		2C2AF60E1B25478B0023CC8F /* ModelFactoryTests.m */ = {isa = PBXFileReference; lastKnownFileType = sourcecode.c.objc; path = ModelFactoryTests.m; sourceTree = "<group>"; };
/* End PBXFileReference section */

/* Begin PBXFrameworksBuildPhase section */
		2C2AF5EF1B25478B0023CC8F /* Frameworks */ = {
			isa = PBXFrameworksBuildPhase;
			buildActionMask = 2147483647;
			files = (
			);
			runOnlyForDeploymentPostprocessing = 0;
		};
		2C2AF6051B25478B0023CC8F /* Frameworks */ = {
			isa = PBXFrameworksBuildPhase;
			buildActionMask = 2147483647;
			files = (
			);
			runOnlyForDeploymentPostprocessing = 0;
		};
/* End PBXFrameworksBuildPhase section */

/* Begin PBXGroup section */
		2C2AF5E91B25478B0023CC8F = {
			isa = PBXGroup;
			children = (
				2C2AF5F41B25478B0023CC8F /* ModelFactory */,
				2C2AF60B1B25478B0023CC8F /* ModelFactoryTests */,
				2C2AF5F31B25478B0023CC8F /* Products */,
			);
			sourceTree = "<group>";
		};
		2C2AF5F31B25478B0023CC8F /* Products */ = {
			isa = PBXGroup;
			children = (
				2C2AF5F21B25478B0023CC8F /* ModelFactory.app */,
				2C2AF6081B25478B0023CC8F /* ModelFactoryTests.xctest */,
			);
			name = Products;
			sourceTree = "<group>";
		};
		2C2AF5F41B25478B0023CC8F /* ModelFactory */ = {
			isa = PBXGroup;
			children = (
				2C2AF5F71B25478B0023CC8F /* AppDelegate.h */,
				2C2AF5F81B25478B0023CC8F /* AppDelegate.m */,
				2C2AF5FC1B25478B0023CC8F /* ViewController.h */,
				2C2AF5FD1B25478B0023CC8F /* ViewController.m */,
				2C2AF5FF1B25478B0023CC8F /* Images.xcassets */,
				2C2AF6011B25478B0023CC8F /* Main.storyboard */,
				2C2AF5F51B25478B0023CC8F /* Supporting Files */,
			);
			path = ModelFactory;
			sourceTree = "<group>";
		};
		2C2AF5F51B25478B0023CC8F /* Supporting Files */ = {
			isa = PBXGroup;
			children = (
				2C2AF5F61B25478B0023CC8F /* Info.plist */,
				2C2AF5FA1B25478B0023CC8F /* main.m */,
			);
			name = "Supporting Files";
			sourceTree = "<group>";
		};
		2C2AF60B1B25478B0023CC8F /* ModelFactoryTests */ = {
			isa = PBXGroup;
			children = (
				2C2AF60E1B25478B0023CC8F /* ModelFactoryTests.m */,
				2C2AF60C1B25478B0023CC8F /* Supporting Files */,
			);
			path = ModelFactoryTests;
			sourceTree = "<group>";
		};
		2C2AF60C1B25478B0023CC8F /* Supporting Files */ = {
			isa = PBXGroup;
			children = (
				2C2AF60D1B25478B0023CC8F /* Info.plist */,
			);
			name = "Supporting Files";
			sourceTree = "<group>";
		};
/* End PBXGroup section */

/* Begin PBXNativeTarget section */
		2C2AF5F11B25478B0023CC8F /* ModelFactory */ = {
			isa = PBXNativeTarget;
			buildConfigurationList = 2C2AF6121B25478B0023CC8F /* Build configuration list for PBXNativeTarget "ModelFactory" */;
			buildPhases = (
				2C2AF5EE1B25478B0023CC8F /* Sources */,
				2C2AF5EF1B25478B0023CC8F /* Frameworks */,
				2C2AF5F01B25478B0023CC8F /* Resources */,
			);
			buildRules = (
			);
			dependencies = (
			);
			name = ModelFactory;
			productName = ModelFactory;
			productReference = 2C2AF5F21B25478B0023CC8F /* ModelFactory.app */;
			productType = "com.apple.product-type.application";
		};
		2C2AF6071B25478B0023CC8F /* ModelFactoryTests */ = {
			isa = PBXNativeTarget;
			buildConfigurationList = 2C2AF6151B25478B0023CC8F /* Build configuration list for PBXNativeTarget "ModelFactoryTests" */;
			buildPhases = (
				2C2AF6041B25478B0023CC8F /* Sources */,
				2C2AF6051B25478B0023CC8F /* Frameworks */,
				2C2AF6061B25478B0023CC8F /* Resources */,
			);
			buildRules = (
			);
			dependencies = (
				2C2AF60A1B25478B0023CC8F /* PBXTargetDependency */,
			);
			name = ModelFactoryTests;
			productName = ModelFactoryTests;
			productReference = 2C2AF6081B25478B0023CC8F /* ModelFactoryTests.xctest */;
			productType = "com.apple.product-type.bundle.unit-test";
		};
/* End PBXNativeTarget section */

/* Begin PBXProject section */
		2C2AF5EA1B25478B0023CC8F /* Project object */ = {
			isa = PBXProject;
			attributes = {
				LastUpgradeCheck = 0620;
				ORGANIZATIONNAME = Johnson;
				TargetAttributes = {
					2C2AF5F11B25478B0023CC8F = {
						CreatedOnToolsVersion = 6.2;
					};
					2C2AF6071B25478B0023CC8F = {
						CreatedOnToolsVersion = 6.2;
						TestTargetID = 2C2AF5F11B25478B0023CC8F;
					};
				};
			};
			buildConfigurationList = 2C2AF5ED1B25478B0023CC8F /* Build configuration list for PBXProject "ModelFactory" */;
			compatibilityVersion = "Xcode 3.2";
			developmentRegion = English;
			hasScannedForEncodings = 0;
			knownRegions = (
				en,
				Base,
			);
			mainGroup = 2C2AF5E91B25478B0023CC8F;
			productRefGroup = 2C2AF5F31B25478B0023CC8F /* Products */;
			projectDirPath = "";
			projectRoot = "";
			targets = (
				2C2AF5F11B25478B0023CC8F /* ModelFactory */,
				2C2AF6071B25478B0023CC8F /* ModelFactoryTests */,
			);
		};
/* End PBXProject section */

/* Begin PBXResourcesBuildPhase section */
		2C2AF5F01B25478B0023CC8F /* Resources */ = {
			isa = PBXResourcesBuildPhase;
			buildActionMask = 2147483647;
			files = (
				2C2AF6001B25478B0023CC8F /* Images.xcassets in Resources */,
				2C2AF6031B25478B0023CC8F /* Main.storyboard in Resources */,
			);
			runOnlyForDeploymentPostprocessing = 0;
		};
		2C2AF6061B25478B0023CC8F /* Resources */ = {
			isa = PBXResourcesBuildPhase;
			buildActionMask = 2147483647;
			files = (
			);
			runOnlyForDeploymentPostprocessing = 0;
		};
/* End PBXResourcesBuildPhase section */

/* Begin PBXSourcesBuildPhase section */
		2C2AF5EE1B25478B0023CC8F /* Sources */ = {
			isa = PBXSourcesBuildPhase;
			buildActionMask = 2147483647;
			files = (
				2C2AF5FE1B25478B0023CC8F /* ViewController.m in Sources */,
				2C2AF5FB1B25478B0023CC8F /* main.m in Sources */,
				2C2AF5F91B25478B0023CC8F /* AppDelegate.m in Sources */,
			);
			runOnlyForDeploymentPostprocessing = 0;
		};
		2C2AF6041B25478B0023CC8F /* Sources */ = {
			isa = PBXSourcesBuildPhase;
			buildActionMask = 2147483647;
			files = (
				2C2AF60F1B25478B0023CC8F /* ModelFactoryTests.m in Sources */,
			);
			runOnlyForDeploymentPostprocessing = 0;
		};
/* End PBXSourcesBuildPhase section */

/* Begin PBXTargetDependency section */
		2C2AF60A1B25478B0023CC8F /* PBXTargetDependency */ = {
			isa = PBXTargetDependency;
			target = 2C2AF5F11B25478B0023CC8F /* ModelFactory */;
			targetProxy = 2C2AF6091B25478B0023CC8F /* PBXContainerItemProxy */;
		};
/* End PBXTargetDependency section */

/* Begin PBXVariantGroup section */
		2C2AF6011B25478B0023CC8F /* Main.storyboard */ = {
			isa = PBXVariantGroup;
			children = (
				2C2AF6021B25478B0023CC8F /* Base */,
			);
			name = Main.storyboard;
			sourceTree = "<group>";
		};
/* End PBXVariantGroup section */

/* Begin XCBuildConfiguration section */
		2C2AF6101B25478B0023CC8F /* Debug */ = {
			isa = XCBuildConfiguration;
			buildSettings = {
				ALWAYS_SEARCH_USER_PATHS = NO;
				CLANG_CXX_LANGUAGE_STANDARD = "gnu++0x";
				CLANG_CXX_LIBRARY = "libc++";
				CLANG_ENABLE_MODULES = YES;
				CLANG_ENABLE_OBJC_ARC = YES;
				CLANG_WARN_BOOL_CONVERSION = YES;
				CLANG_WARN_CONSTANT_CONVERSION = YES;
				CLANG_WARN_DIRECT_OBJC_ISA_USAGE = YES_ERROR;
				CLANG_WARN_EMPTY_BODY = YES;
				CLANG_WARN_ENUM_CONVERSION = YES;
				CLANG_WARN_INT_CONVERSION = YES;
				CLANG_WARN_OBJC_ROOT_CLASS = YES_ERROR;
				CLANG_WARN_UNREACHABLE_CODE = YES;
				CLANG_WARN__DUPLICATE_METHOD_MATCH = YES;
				CODE_SIGN_IDENTITY = "-";
				COPY_PHASE_STRIP = NO;
				ENABLE_STRICT_OBJC_MSGSEND = YES;
				GCC_C_LANGUAGE_STANDARD = gnu99;
				GCC_DYNAMIC_NO_PIC = NO;
				GCC_OPTIMIZATION_LEVEL = 0;
				GCC_PREPROCESSOR_DEFINITIONS = (
					"DEBUG=1",
					"$(inherited)",
				);
				GCC_SYMBOLS_PRIVATE_EXTERN = NO;
				GCC_WARN_64_TO_32_BIT_CONVERSION = YES;
				GCC_WARN_ABOUT_RETURN_TYPE = YES_ERROR;
				GCC_WARN_UNDECLARED_SELECTOR = YES;
				GCC_WARN_UNINITIALIZED_AUTOS = YES_AGGRESSIVE;
				GCC_WARN_UNUSED_FUNCTION = YES;
				GCC_WARN_UNUSED_VARIABLE = YES;
				MACOSX_DEPLOYMENT_TARGET = 10.10;
				MTL_ENABLE_DEBUG_INFO = YES;
				ONLY_ACTIVE_ARCH = YES;
				SDKROOT = macosx;
			};
			name = Debug;
		};
		2C2AF6111B25478B0023CC8F /* Release */ = {
			isa = XCBuildConfiguration;
			buildSettings = {
				ALWAYS_SEARCH_USER_PATHS = NO;
				CLANG_CXX_LANGUAGE_STANDARD = "gnu++0x";
				CLANG_CXX_LIBRARY = "libc++";
				CLANG_ENABLE_MODULES = YES;
				CLANG_ENABLE_OBJC_ARC = YES;
				CLANG_WARN_BOOL_CONVERSION = YES;
				CLANG_WARN_CONSTANT_CONVERSION = YES;
				CLANG_WARN_DIRECT_OBJC_ISA_USAGE = YES_ERROR;
				CLANG_WARN_EMPTY_BODY = YES;
				CLANG_WARN_ENUM_CONVERSION = YES;
				CLANG_WARN_INT_CONVERSION = YES;
				CLANG_WARN_OBJC_ROOT_CLASS = YES_ERROR;
				CLANG_WARN_UNREACHABLE_CODE = YES;
				CLANG_WARN__DUPLICATE_METHOD_MATCH = YES;
				CODE_SIGN_IDENTITY = "-";
				COPY_PHASE_STRIP = NO;
				DEBUG_INFORMATION_FORMAT = "dwarf-with-dsym";
				ENABLE_NS_ASSERTIONS = NO;
				ENABLE_STRICT_OBJC_MSGSEND = YES;
				GCC_C_LANGUAGE_STANDARD = gnu99;
				GCC_WARN_64_TO_32_BIT_CONVERSION = YES;
				GCC_WARN_ABOUT_RETURN_TYPE = YES_ERROR;
				GCC_WARN_UNDECLARED_SELECTOR = YES;
				GCC_WARN_UNINITIALIZED_AUTOS = YES_AGGRESSIVE;
				GCC_WARN_UNUSED_FUNCTION = YES;
				GCC_WARN_UNUSED_VARIABLE = YES;
				MACOSX_DEPLOYMENT_TARGET = 10.10;
				MTL_ENABLE_DEBUG_INFO = NO;
				SDKROOT = macosx;
			};
			name = Release;
		};
		2C2AF6131B25478B0023CC8F /* Debug */ = {
			isa = XCBuildConfiguration;
			buildSettings = {
				ASSETCATALOG_COMPILER_APPICON_NAME = AppIcon;
				COMBINE_HIDPI_IMAGES = YES;
				INFOPLIST_FILE = ModelFactory/Info.plist;
				LD_RUNPATH_SEARCH_PATHS = "$(inherited) @executable_path/../Frameworks";
				MACOSX_DEPLOYMENT_TARGET = 10.8;
				PRIVATE_HEADERS_FOLDER_PATH = "$(CONTENTS_FOLDER_PATH)/PrivateHeaders";
				PRODUCT_NAME = "$(TARGET_NAME)";
			};
			name = Debug;
		};
		2C2AF6141B25478B0023CC8F /* Release */ = {
			isa = XCBuildConfiguration;
			buildSettings = {
				ASSETCATALOG_COMPILER_APPICON_NAME = AppIcon;
				COMBINE_HIDPI_IMAGES = YES;
				INFOPLIST_FILE = ModelFactory/Info.plist;
				LD_RUNPATH_SEARCH_PATHS = "$(inherited) @executable_path/../Frameworks";
				MACOSX_DEPLOYMENT_TARGET = 10.8;
				PRODUCT_NAME = "$(TARGET_NAME)";
			};
			name = Release;
		};
		2C2AF6161B25478B0023CC8F /* Debug */ = {
			isa = XCBuildConfiguration;
			buildSettings = {
				BUNDLE_LOADER = "$(TEST_HOST)";
				COMBINE_HIDPI_IMAGES = YES;
				FRAMEWORK_SEARCH_PATHS = (
					"$(DEVELOPER_FRAMEWORKS_DIR)",
					"$(inherited)",
				);
				GCC_PREPROCESSOR_DEFINITIONS = (
					"DEBUG=1",
					"$(inherited)",
				);
				INFOPLIST_FILE = ModelFactoryTests/Info.plist;
				LD_RUNPATH_SEARCH_PATHS = "$(inherited) @executable_path/../Frameworks @loader_path/../Frameworks";
				PRODUCT_NAME = "$(TARGET_NAME)";
				TEST_HOST = "$(BUILT_PRODUCTS_DIR)/ModelFactory.app/Contents/MacOS/ModelFactory";
			};
			name = Debug;
		};
		2C2AF6171B25478B0023CC8F /* Release */ = {
			isa = XCBuildConfiguration;
			buildSettings = {
				BUNDLE_LOADER = "$(TEST_HOST)";
				COMBINE_HIDPI_IMAGES = YES;
				FRAMEWORK_SEARCH_PATHS = (
					"$(DEVELOPER_FRAMEWORKS_DIR)",
					"$(inherited)",
				);
				INFOPLIST_FILE = ModelFactoryTests/Info.plist;
				LD_RUNPATH_SEARCH_PATHS = "$(inherited) @executable_path/../Frameworks @loader_path/../Frameworks";
				PRODUCT_NAME = "$(TARGET_NAME)";
				TEST_HOST = "$(BUILT_PRODUCTS_DIR)/ModelFactory.app/Contents/MacOS/ModelFactory";
			};
			name = Release;
		};
/* End XCBuildConfiguration section */

/* Begin XCConfigurationList section */
		2C2AF5ED1B25478B0023CC8F /* Build configuration list for PBXProject "ModelFactory" */ = {
			isa = XCConfigurationList;
			buildConfigurations = (
				2C2AF6101B25478B0023CC8F /* Debug */,
				2C2AF6111B25478B0023CC8F /* Release */,
			);
			defaultConfigurationIsVisible = 0;
			defaultConfigurationName = Release;
		};
		2C2AF6121B25478B0023CC8F /* Build configuration list for PBXNativeTarget "ModelFactory" */ = {
			isa = XCConfigurationList;
			buildConfigurations = (
				2C2AF6131B25478B0023CC8F /* Debug */,
				2C2AF6141B25478B0023CC8F /* Release */,
			);
			defaultConfigurationIsVisible = 0;
		};
		2C2AF6151B25478B0023CC8F /* Build configuration list for PBXNativeTarget "ModelFactoryTests" */ = {
			isa = XCConfigurationList;
			buildConfigurations = (
				2C2AF6161B25478B0023CC8F /* Debug */,
				2C2AF6171B25478B0023CC8F /* Release */,
			);
			defaultConfigurationIsVisible = 0;
		};
/* End XCConfigurationList section */
	};
	rootObject = 2C2AF5EA1B25478B0023CC8F /* Project object */;
}
